{
  "name": "video-editor",
  "lockfileVersion": 3,
  "requires": true,
  "packages": {
    "": {
      "dependencies": {
        "@remotion/light-leaks": "^4.0.489"
      }
    },
    "node_modules/@remotion/light-leaks": {
      "version": "4.0.489",
      "resolved": "https://registry.npmjs.org/@remotion/light-leaks/-/light-leaks-4.0.489.tgz",
      "integrity": "sha512-UT7zaoPWxhsDaE87t7bJrLwdpXbsr+li5MfmAP9U4RltXU/GW9pyl/bs5UVmmsAQA4lXbGli+007qapUdObatg==",
      "license": "Remotion License",
      "dependencies": {
        "remotion": "4.0.489",
        "zod": "4.3.6"
      },
      "peerDependencies": {
        "react": ">=16.8.0",
        "react-dom": ">=16.8.0"
      }
    },
    "node_modules/react": {
      "version": "19.2.7",
      "resolved": "https://registry.npmjs.org/react/-/react-19.2.7.tgz",
      "integrity": "sha512-HNe9WslTbXmFK8o8cmwgAeJFSBvt1bPdHCVKtaaV+WlAN36mpT4hcRpwbf3fY56ar2oIXzsBpOAiIRHAdY0OlQ==",
      "license": "MIT",
      "peer": true,
      "engines": {
        "node": ">=0.10.0"
      }
    },
    "node_modules/react-dom": {
      "version": "19.2.7",
      "resolved": "https://registry.npmjs.org/react-dom/-/react-dom-19.2.7.tgz",
      "integrity": "sha512-t0BRVXvbiE/o20Hfw669rLbMCDWtYZLvmJigy2f0MxsXF+71pxhR3xOkspmsO8h3ZlNzyibAmtCa3l4lYKk6gQ==",
      "license": "MIT",
      "peer": true,
      "dependencies": {
        "scheduler": "^0.27.0"
      },
      "peerDependencies": {
        "react": "^19.2.7"
      }
    },
    "node_modules/remotion": {
      "version": "4.0.489",
      "resolved": "https://registry.npmjs.org/remotion/-/remotion-4.0.489.tgz",
      "integrity": "sha512-r7VBcWKqsGjaXT6Iv6XNFrzsZl45JvLOi6WmMYMN1zkpCoo0sm9xoi8g2pLF2Y9D7EBgygXFaG4DjjaKOVcPSg==",
      "license": "SEE LICENSE IN LICENSE.md",
      "peerDependencies": {
        "react": ">=16.8.0",
        "react-dom": ">=16.8.0"
      }
    },
    "node_modules/scheduler": {
      "version": "0.27.0",
      "resolved": "https://registry.npmjs.org/scheduler/-/scheduler-0.27.0.tgz",
      "integrity": "sha512-eNv+WrVbKu1f3vbYJT/xtiF5syA5HPIMtf9IgY/nKg0sWqzAUEvqY/xm7OcZc/qafLx/iO9FgOmeSAp4v5ti/Q==",
      "license": "MIT"
    },
    "node_modules/zod": {
      "version": "4.3.6",
      "resolved": "https://registry.npmjs.org/zod/-/zod-4.3.6.tgz",
      "integrity": "sha512-rftlrkhHZOcjDwkGlnUtZZkvaPHCsDATp4pGpuOOMDaTdDDXF91wuVDJoWoPsKX/3YPQ5fHuF3STjcYyKr+Qhg==",
      "license": "MIT",
      "funding": {
        "url": "https://github.com/sponsors/colinhacks"
      }
    }
  }
}
